
Microsoft Visual Studio Solution File, Format Version 12.00
# Visual Studio Version 16
VisualStudioVersion = 16.0.29326.143
MinimumVisualStudioVersion = 10.0.40219.1
Project("{9A19103F-16F7-4668-BE54-9A1E7A4F7556}") = "Test", "Test\Test.csproj", "{490E77D1-D610-42F9-9A15-C6D1C18D4D64}"
EndProject
Project("{9A19103F-16F7-4668-BE54-9A1E7A4F7556}") = "UserAuthentication", "UserAuthentication\UserAuthentication.csproj", "{7780FBAE-5D4C-4986-B2FA-7A7C76864906}"
EndProject
Project("{9A19103F-16F7-4668-BE54-9A1E7A4F7556}") = "Logic", "Logic\Logic.csproj", "{34B6646E-A57D-478C-9CC7-E4C8E3089E74}"
EndProject
Project("{9A19103F-16F7-4668-BE54-9A1E7A4F7556}") = "User Interface", "UserInterface\User Interface.csproj", "{16D3E099-D940-4A77-9B68-3EED8CDF49D3}"
EndProject
Global
	GlobalSection(SolutionConfigurationPlatforms) = preSolution
		Debug|Any CPU = Debug|Any CPU
		Release|Any CPU = Release|Any CPU
	EndGlobalSection
	GlobalSection(ProjectConfigurationPlatforms) = postSolution
		{490E77D1-D610-42F9-9A15-C6D1C18D4D64}.Debug|Any CPU.ActiveCfg = Debug|Any CPU
		{490E77D1-D610-42F9-9A15-C6D1C18D4D64}.Debug|Any CPU.Build.0 = Debug|Any CPU
		{490E77D1-D610-42F9-9A15-C6D1C18D4D64}.Release|Any CPU.ActiveCfg = Release|Any CPU
		{490E77D1-D610-42F9-9A15-C6D1C18D4D64}.Release|Any CPU.Build.0 = Release|Any CPU
		{7780FBAE-5D4C-4986-B2FA-7A7C76864906}.Debug|Any CPU.ActiveCfg = Debug|Any CPU
		{7780FBAE-5D4C-4986-B2FA-7A7C76864906}.Debug|Any CPU.Build.0 = Debug|Any CPU
		{7780FBAE-5D4C-4986-B2FA-7A7C76864906}.Release|Any CPU.ActiveCfg = Release|Any CPU
		{7780FBAE-5D4C-4986-B2FA-7A7C76864906}.Release|Any CPU.Build.0 = Release|Any CPU
		{34B6646E-A57D-478C-9CC7-E4C8E3089E74}.Debug|Any CPU.ActiveCfg = Debug|Any CPU
		{34B6646E-A57D-478C-9CC7-E4C8E3089E74}.Debug|Any CPU.Build.0 = Debug|Any CPU
		{34B6646E-A57D-478C-9CC7-E4C8E3089E74}.Release|Any CPU.ActiveCfg = Release|Any CPU
		{34B6646E-A57D-478C-9CC7-E4C8E3089E74}.Release|Any CPU.Build.0 = Release|Any CPU
		{16D3E099-D940-4A77-9B68-3EED8CDF49D3}.Debug|Any CPU.ActiveCfg = Debug|Any CPU
		{16D3E099-D940-4A77-9B68-3EED8CDF49D3}.Debug|Any CPU.Build.0 = Debug|Any CPU
		{16D3E099-D940-4A77-9B68-3EED8CDF49D3}.Release|Any CPU.ActiveCfg = Release|Any CPU
		{16D3E099-D940-4A77-9B68-3EED8CDF49D3}.Release|Any CPU.Build.0 = Release|Any CPU
	EndGlobalSection
	GlobalSection(SolutionProperties) = preSolution
		HideSolutionNode = FALSE
	EndGlobalSection
	GlobalSection(ExtensibilityGlobals) = postSolution
		SolutionGuid = {55539C83-A43B-428D-B42F-D80AC69661A6}
	EndGlobalSection
EndGlobal
