
Microsoft Visual Studio Solution File, Format Version 12.00
# Visual Studio Version 16
VisualStudioVersion = 16.0.29326.143
MinimumVisualStudioVersion = 10.0.40219.1
Project("{9A19103F-16F7-4668-BE54-9A1E7A4F7556}") = "User Interface", "PizzaStore\User Interface.csproj", "{7481E85F-7E0B-4850-8E1F-070567C41B74}"
	ProjectSection(ProjectDependencies) = postProject
		{3541BB8D-10D7-4EFC-A4F1-F372D1C5923D} = {3541BB8D-10D7-4EFC-A4F1-F372D1C5923D}
		{7780FBAE-5D4C-4986-B2FA-7A7C76864906} = {7780FBAE-5D4C-4986-B2FA-7A7C76864906}
	EndProjectSection
EndProject
Project("{9A19103F-16F7-4668-BE54-9A1E7A4F7556}") = "Logic", "ConsoleApp1\Logic.csproj", "{3541BB8D-10D7-4EFC-A4F1-F372D1C5923D}"
EndProject
Project("{9A19103F-16F7-4668-BE54-9A1E7A4F7556}") = "Test", "Test\Test.csproj", "{490E77D1-D610-42F9-9A15-C6D1C18D4D64}"
EndProject
Project("{FAE04EC0-301F-11D3-BF4B-00C04F79EFBC}") = "UserAuthentication", "UserAuthentication\UserAuthentication.csproj", "{7780FBAE-5D4C-4986-B2FA-7A7C76864906}"
EndProject
Global
	GlobalSection(SolutionConfigurationPlatforms) = preSolution
		Debug|Any CPU = Debug|Any CPU
		Release|Any CPU = Release|Any CPU
	EndGlobalSection
	GlobalSection(ProjectConfigurationPlatforms) = postSolution
		{7481E85F-7E0B-4850-8E1F-070567C41B74}.Debug|Any CPU.ActiveCfg = Debug|Any CPU
		{7481E85F-7E0B-4850-8E1F-070567C41B74}.Debug|Any CPU.Build.0 = Debug|Any CPU
		{7481E85F-7E0B-4850-8E1F-070567C41B74}.Release|Any CPU.ActiveCfg = Release|Any CPU
		{7481E85F-7E0B-4850-8E1F-070567C41B74}.Release|Any CPU.Build.0 = Release|Any CPU
		{3541BB8D-10D7-4EFC-A4F1-F372D1C5923D}.Debug|Any CPU.ActiveCfg = Debug|Any CPU
		{3541BB8D-10D7-4EFC-A4F1-F372D1C5923D}.Debug|Any CPU.Build.0 = Debug|Any CPU
		{3541BB8D-10D7-4EFC-A4F1-F372D1C5923D}.Release|Any CPU.ActiveCfg = Release|Any CPU
		{3541BB8D-10D7-4EFC-A4F1-F372D1C5923D}.Release|Any CPU.Build.0 = Release|Any CPU
		{490E77D1-D610-42F9-9A15-C6D1C18D4D64}.Debug|Any CPU.ActiveCfg = Debug|Any CPU
		{490E77D1-D610-42F9-9A15-C6D1C18D4D64}.Debug|Any CPU.Build.0 = Debug|Any CPU
		{490E77D1-D610-42F9-9A15-C6D1C18D4D64}.Release|Any CPU.ActiveCfg = Release|Any CPU
		{490E77D1-D610-42F9-9A15-C6D1C18D4D64}.Release|Any CPU.Build.0 = Release|Any CPU
		{7780FBAE-5D4C-4986-B2FA-7A7C76864906}.Debug|Any CPU.ActiveCfg = Debug|Any CPU
		{7780FBAE-5D4C-4986-B2FA-7A7C76864906}.Debug|Any CPU.Build.0 = Debug|Any CPU
		{7780FBAE-5D4C-4986-B2FA-7A7C76864906}.Release|Any CPU.ActiveCfg = Release|Any CPU
		{7780FBAE-5D4C-4986-B2FA-7A7C76864906}.Release|Any CPU.Build.0 = Release|Any CPU
	EndGlobalSection
	GlobalSection(SolutionProperties) = preSolution
		HideSolutionNode = FALSE
	EndGlobalSection
	GlobalSection(ExtensibilityGlobals) = postSolution
		SolutionGuid = {55539C83-A43B-428D-B42F-D80AC69661A6}
	EndGlobalSection
EndGlobal
