
Microsoft Visual Studio Solution File, Format Version 12.00
# Visual Studio Version 16
VisualStudioVersion = 16.0.29326.143
MinimumVisualStudioVersion = 10.0.40219.1
Project("{9A19103F-16F7-4668-BE54-9A1E7A4F7556}") = "YourStore", "YourStore.csproj", "{88997BBF-9306-4AB9-938F-5C6104E8CB55}"
	ProjectSection(ProjectDependencies) = postProject
		{C523BB23-01B2-4063-9481-DCA5E5CA1283} = {C523BB23-01B2-4063-9481-DCA5E5CA1283}
	EndProjectSection
EndProject
Project("{9A19103F-16F7-4668-BE54-9A1E7A4F7556}") = "XUnitTestProject0", "..\XUnitTestProject0\XUnitTestProject0.csproj", "{66D7882C-0ABE-4166-94A4-235564551FBC}"
EndProject
Project("{9A19103F-16F7-4668-BE54-9A1E7A4F7556}") = "YourStore.Library", "..\YourStore.Library\YourStore.Library.csproj", "{C523BB23-01B2-4063-9481-DCA5E5CA1283}"
EndProject
Project("{FAE04EC0-301F-11D3-BF4B-00C04F79EFBC}") = "DB", "..\DB\DB.csproj", "{2BDA7003-AF28-47A1-B8E5-7F9604688851}"
EndProject
Global
	GlobalSection(SolutionConfigurationPlatforms) = preSolution
		Debug|Any CPU = Debug|Any CPU
		Release|Any CPU = Release|Any CPU
	EndGlobalSection
	GlobalSection(ProjectConfigurationPlatforms) = postSolution
		{88997BBF-9306-4AB9-938F-5C6104E8CB55}.Debug|Any CPU.ActiveCfg = Debug|Any CPU
		{88997BBF-9306-4AB9-938F-5C6104E8CB55}.Debug|Any CPU.Build.0 = Debug|Any CPU
		{88997BBF-9306-4AB9-938F-5C6104E8CB55}.Release|Any CPU.ActiveCfg = Release|Any CPU
		{88997BBF-9306-4AB9-938F-5C6104E8CB55}.Release|Any CPU.Build.0 = Release|Any CPU
		{66D7882C-0ABE-4166-94A4-235564551FBC}.Debug|Any CPU.ActiveCfg = Debug|Any CPU
		{66D7882C-0ABE-4166-94A4-235564551FBC}.Debug|Any CPU.Build.0 = Debug|Any CPU
		{66D7882C-0ABE-4166-94A4-235564551FBC}.Release|Any CPU.ActiveCfg = Release|Any CPU
		{66D7882C-0ABE-4166-94A4-235564551FBC}.Release|Any CPU.Build.0 = Release|Any CPU
		{C523BB23-01B2-4063-9481-DCA5E5CA1283}.Debug|Any CPU.ActiveCfg = Debug|Any CPU
		{C523BB23-01B2-4063-9481-DCA5E5CA1283}.Debug|Any CPU.Build.0 = Debug|Any CPU
		{C523BB23-01B2-4063-9481-DCA5E5CA1283}.Release|Any CPU.ActiveCfg = Release|Any CPU
		{C523BB23-01B2-4063-9481-DCA5E5CA1283}.Release|Any CPU.Build.0 = Release|Any CPU
		{2BDA7003-AF28-47A1-B8E5-7F9604688851}.Debug|Any CPU.ActiveCfg = Debug|Any CPU
		{2BDA7003-AF28-47A1-B8E5-7F9604688851}.Debug|Any CPU.Build.0 = Debug|Any CPU
		{2BDA7003-AF28-47A1-B8E5-7F9604688851}.Release|Any CPU.ActiveCfg = Release|Any CPU
		{2BDA7003-AF28-47A1-B8E5-7F9604688851}.Release|Any CPU.Build.0 = Release|Any CPU
	EndGlobalSection
	GlobalSection(SolutionProperties) = preSolution
		HideSolutionNode = FALSE
	EndGlobalSection
	GlobalSection(ExtensibilityGlobals) = postSolution
		SolutionGuid = {7684A317-691A-452D-AF90-7096E360C2DB}
	EndGlobalSection
EndGlobal
